// !$*UTF8*$!
{
	archiveVersion = 1;
	classes = {
	};
	objectVersion = 50;
	objects = {

/* Begin PBXBuildFile section */
		D20221992152F264008F2C55 /* AppDelegate.swift in Sources */ = {isa = PBXBuildFile; fileRef = D20221982152F264008F2C55 /* AppDelegate.swift */; };
		D202219B2152F264008F2C55 /* ViewController.swift in Sources */ = {isa = PBXBuildFile; fileRef = D202219A2152F264008F2C55 /* ViewController.swift */; };
		D202219E2152F264008F2C55 /* Main.storyboard in Resources */ = {isa = PBXBuildFile; fileRef = D202219C2152F264008F2C55 /* Main.storyboard */; };
		D20221A02152F265008F2C55 /* Assets.xcassets in Resources */ = {isa = PBXBuildFile; fileRef = D202219F2152F265008F2C55 /* Assets.xcassets */; };
		D20221A32152F265008F2C55 /* LaunchScreen.storyboard in Resources */ = {isa = PBXBuildFile; fileRef = D20221A12152F265008F2C55 /* LaunchScreen.storyboard */; };
		D20221AE2152F265008F2C55 /* singleviewTests.swift in Sources */ = {isa = PBXBuildFile; fileRef = D20221AD2152F265008F2C55 /* singleviewTests.swift */; };
		D20221B92152F265008F2C55 /* singleviewUITests.swift in Sources */ = {isa = PBXBuildFile; fileRef = D20221B82152F265008F2C55 /* singleviewUITests.swift */; };
/* End PBXBuildFile section */

/* Begin PBXContainerItemProxy section */
		D20221AA2152F265008F2C55 /* PBXContainerItemProxy */ = {
			isa = PBXContainerItemProxy;
			containerPortal = D202218D2152F264008F2C55 /* Project object */;
			proxyType = 1;
			remoteGlobalIDString = D20221942152F264008F2C55;
			remoteInfo = singleview;
		};
		D20221B52152F265008F2C55 /* PBXContainerItemProxy */ = {
			isa = PBXContainerItemProxy;
			containerPortal = D202218D2152F264008F2C55 /* Project object */;
			proxyType = 1;
			remoteGlobalIDString = D20221942152F264008F2C55;
			remoteInfo = singleview;
		};
/* End PBXContainerItemProxy section */

/* Begin PBXFileReference section */
		D20221952152F264008F2C55 /* singleview.app */ = {isa = PBXFileReference; explicitFileType = wrapper.application; includeInIndex = 0; path = singleview.app; sourceTree = BUILT_PRODUCTS_DIR; };
		D20221982152F264008F2C55 /* AppDelegate.swift */ = {isa = PBXFileReference; lastKnownFileType = sourcecode.swift; path = AppDelegate.swift; sourceTree = "<group>"; };
		D202219A2152F264008F2C55 /* ViewController.swift */ = {isa = PBXFileReference; lastKnownFileType = sourcecode.swift; path = ViewController.swift; sourceTree = "<group>"; };
		D202219D2152F264008F2C55 /* Base */ = {isa = PBXFileReference; lastKnownFileType = file.storyboard; name = Base; path = Base.lproj/Main.storyboard; sourceTree = "<group>"; };
		D202219F2152F265008F2C55 /* Assets.xcassets */ = {isa = PBXFileReference; lastKnownFileType = folder.assetcatalog; path = Assets.xcassets; sourceTree = "<group>"; };
		D20221A22152F265008F2C55 /* Base */ = {isa = PBXFileReference; lastKnownFileType = file.storyboard; name = Base; path = Base.lproj/LaunchScreen.storyboard; sourceTree = "<group>"; };
		D20221A42152F265008F2C55 /* Info.plist */ = {isa = PBXFileReference; lastKnownFileType = text.plist.xml; path = Info.plist; sourceTree = "<group>"; };
		D20221A92152F265008F2C55 /* singleviewTests.xctest */ = {isa = PBXFileReference; explicitFileType = wrapper.cfbundle; includeInIndex = 0; path = singleviewTests.xctest; sourceTree = BUILT_PRODUCTS_DIR; };
		D20221AD2152F265008F2C55 /* singleviewTests.swift */ = {isa = PBXFileReference; lastKnownFileType = sourcecode.swift; path = singleviewTests.swift; sourceTree = "<group>"; };
		D20221AF2152F265008F2C55 /* Info.plist */ = {isa = PBXFileReference; lastKnownFileType = text.plist.xml; path = Info.plist; sourceTree = "<group>"; };
		D20221B42152F265008F2C55 /* singleviewUITests.xctest */ = {isa = PBXFileReference; explicitFileType = wrapper.cfbundle; includeInIndex = 0; path = singleviewUITests.xctest; sourceTree = BUILT_PRODUCTS_DIR; };
		D20221B82152F265008F2C55 /* singleviewUITests.swift */ = {isa = PBXFileReference; lastKnownFileType = sourcecode.swift; path = singleviewUITests.swift; sourceTree = "<group>"; };
		D20221BA2152F265008F2C55 /* Info.plist */ = {isa = PBXFileReference; lastKnownFileType = text.plist.xml; path = Info.plist; sourceTree = "<group>"; };
/* End PBXFileReference section */

/* Begin PBXFrameworksBuildPhase section */
		D20221922152F264008F2C55 /* Frameworks */ = {
			isa = PBXFrameworksBuildPhase;
			buildActionMask = 2147483647;
			files = (
			);
			runOnlyForDeploymentPostprocessing = 0;
		};
		D20221A62152F265008F2C55 /* Frameworks */ = {
			isa = PBXFrameworksBuildPhase;
			buildActionMask = 2147483647;
			files = (
			);
			runOnlyForDeploymentPostprocessing = 0;
		};
		D20221B12152F265008F2C55 /* Frameworks */ = {
			isa = PBXFrameworksBuildPhase;
			buildActionMask = 2147483647;
			files = (
			);
			runOnlyForDeploymentPostprocessing = 0;
		};
/* End PBXFrameworksBuildPhase section */

/* Begin PBXGroup section */
		D202218C2152F264008F2C55 = {
			isa = PBXGroup;
			children = (
				D20221972152F264008F2C55 /* singleview */,
				D20221AC2152F265008F2C55 /* singleviewTests */,
				D20221B72152F265008F2C55 /* singleviewUITests */,
				D20221962152F264008F2C55 /* Products */,
			);
			sourceTree = "<group>";
		};
		D20221962152F264008F2C55 /* Products */ = {
			isa = PBXGroup;
			children = (
				D20221952152F264008F2C55 /* singleview.app */,
				D20221A92152F265008F2C55 /* singleviewTests.xctest */,
				D20221B42152F265008F2C55 /* singleviewUITests.xctest */,
			);
			name = Products;
			sourceTree = "<group>";
		};
		D20221972152F264008F2C55 /* singleview */ = {
			isa = PBXGroup;
			children = (
				D20221982152F264008F2C55 /* AppDelegate.swift */,
				D202219A2152F264008F2C55 /* ViewController.swift */,
				D202219C2152F264008F2C55 /* Main.storyboard */,
				D202219F2152F265008F2C55 /* Assets.xcassets */,
				D20221A12152F265008F2C55 /* LaunchScreen.storyboard */,
				D20221A42152F265008F2C55 /* Info.plist */,
			);
			path = singleview;
			sourceTree = "<group>";
		};
		D20221AC2152F265008F2C55 /* singleviewTests */ = {
			isa = PBXGroup;
			children = (
				D20221AD2152F265008F2C55 /* singleviewTests.swift */,
				D20221AF2152F265008F2C55 /* Info.plist */,
			);
			path = singleviewTests;
			sourceTree = "<group>";
		};
		D20221B72152F265008F2C55 /* singleviewUITests */ = {
			isa = PBXGroup;
			children = (
				D20221B82152F265008F2C55 /* singleviewUITests.swift */,
				D20221BA2152F265008F2C55 /* Info.plist */,
			);
			path = singleviewUITests;
			sourceTree = "<group>";
		};
/* End PBXGroup section */

/* Begin PBXNativeTarget section */
		D20221942152F264008F2C55 /* singleview */ = {
			isa = PBXNativeTarget;
			buildConfigurationList = D20221BD2152F265008F2C55 /* Build configuration list for PBXNativeTarget "singleview" */;
			buildPhases = (
				D20221912152F264008F2C55 /* Sources */,
				D20221922152F264008F2C55 /* Frameworks */,
				D20221932152F264008F2C55 /* Resources */,
			);
			buildRules = (
			);
			dependencies = (
			);
			name = singleview;
			productName = singleview;
			productReference = D20221952152F264008F2C55 /* singleview.app */;
			productType = "com.apple.product-type.application";
		};
		D20221A82152F265008F2C55 /* singleviewTests */ = {
			isa = PBXNativeTarget;
			buildConfigurationList = D20221C02152F265008F2C55 /* Build configuration list for PBXNativeTarget "singleviewTests" */;
			buildPhases = (
				D20221A52152F265008F2C55 /* Sources */,
				D20221A62152F265008F2C55 /* Frameworks */,
				D20221A72152F265008F2C55 /* Resources */,
			);
			buildRules = (
			);
			dependencies = (
				D20221AB2152F265008F2C55 /* PBXTargetDependency */,
			);
			name = singleviewTests;
			productName = singleviewTests;
			productReference = D20221A92152F265008F2C55 /* singleviewTests.xctest */;
			productType = "com.apple.product-type.bundle.unit-test";
		};
		D20221B32152F265008F2C55 /* singleviewUITests */ = {
			isa = PBXNativeTarget;
			buildConfigurationList = D20221C32152F265008F2C55 /* Build configuration list for PBXNativeTarget "singleviewUITests" */;
			buildPhases = (
				D20221B02152F265008F2C55 /* Sources */,
				D20221B12152F265008F2C55 /* Frameworks */,
				D20221B22152F265008F2C55 /* Resources */,
			);
			buildRules = (
			);
			dependencies = (
				D20221B62152F265008F2C55 /* PBXTargetDependency */,
			);
			name = singleviewUITests;
			productName = singleviewUITests;
			productReference = D20221B42152F265008F2C55 /* singleviewUITests.xctest */;
			productType = "com.apple.product-type.bundle.ui-testing";
		};
/* End PBXNativeTarget section */

/* Begin PBXProject section */
		D202218D2152F264008F2C55 /* Project object */ = {
			isa = PBXProject;
			attributes = {
				LastSwiftUpdateCheck = 1010;
				LastUpgradeCheck = 1010;
				ORGANIZATIONNAME = "Madhuri Gummalla";
				TargetAttributes = {
					D20221942152F264008F2C55 = {
						CreatedOnToolsVersion = 10.1;
					};
					D20221A82152F265008F2C55 = {
						CreatedOnToolsVersion = 10.1;
						TestTargetID = D20221942152F264008F2C55;
					};
					D20221B32152F265008F2C55 = {
						CreatedOnToolsVersion = 10.1;
						TestTargetID = D20221942152F264008F2C55;
					};
				};
			};
			buildConfigurationList = D20221902152F264008F2C55 /* Build configuration list for PBXProject "singleview" */;
			compatibilityVersion = "Xcode 9.3";
			developmentRegion = en;
			hasScannedForEncodings = 0;
			knownRegions = (
				en,
				Base,
			);
			mainGroup = D202218C2152F264008F2C55;
			productRefGroup = D20221962152F264008F2C55 /* Products */;
			projectDirPath = "";
			projectRoot = "";
			targets = (
				D20221942152F264008F2C55 /* singleview */,
				D20221A82152F265008F2C55 /* singleviewTests */,
				D20221B32152F265008F2C55 /* singleviewUITests */,
			);
		};
/* End PBXProject section */

/* Begin PBXResourcesBuildPhase section */
		D20221932152F264008F2C55 /* Resources */ = {
			isa = PBXResourcesBuildPhase;
			buildActionMask = 2147483647;
			files = (
				D20221A32152F265008F2C55 /* LaunchScreen.storyboard in Resources */,
				D20221A02152F265008F2C55 /* Assets.xcassets in Resources */,
				D202219E2152F264008F2C55 /* Main.storyboard in Resources */,
			);
			runOnlyForDeploymentPostprocessing = 0;
		};
		D20221A72152F265008F2C55 /* Resources */ = {
			isa = PBXResourcesBuildPhase;
			buildActionMask = 2147483647;
			files = (
			);
			runOnlyForDeploymentPostprocessing = 0;
		};
		D20221B22152F265008F2C55 /* Resources */ = {
			isa = PBXResourcesBuildPhase;
			buildActionMask = 2147483647;
			files = (
			);
			runOnlyForDeploymentPostprocessing = 0;
		};
/* End PBXResourcesBuildPhase section */

/* Begin PBXSourcesBuildPhase section */
		D20221912152F264008F2C55 /* Sources */ = {
			isa = PBXSourcesBuildPhase;
			buildActionMask = 2147483647;
			files = (
				D202219B2152F264008F2C55 /* ViewController.swift in Sources */,
				D20221992152F264008F2C55 /* AppDelegate.swift in Sources */,
			);
			runOnlyForDeploymentPostprocessing = 0;
		};
		D20221A52152F265008F2C55 /* Sources */ = {
			isa = PBXSourcesBuildPhase;
			buildActionMask = 2147483647;
			files = (
				D20221AE2152F265008F2C55 /* singleviewTests.swift in Sources */,
			);
			runOnlyForDeploymentPostprocessing = 0;
		};
		D20221B02152F265008F2C55 /* Sources */ = {
			isa = PBXSourcesBuildPhase;
			buildActionMask = 2147483647;
			files = (
				D20221B92152F265008F2C55 /* singleviewUITests.swift in Sources */,
			);
			runOnlyForDeploymentPostprocessing = 0;
		};
/* End PBXSourcesBuildPhase section */

/* Begin PBXTargetDependency section */
		D20221AB2152F265008F2C55 /* PBXTargetDependency */ = {
			isa = PBXTargetDependency;
			target = D20221942152F264008F2C55 /* singleview */;
			targetProxy = D20221AA2152F265008F2C55 /* PBXContainerItemProxy */;
		};
		D20221B62152F265008F2C55 /* PBXTargetDependency */ = {
			isa = PBXTargetDependency;
			target = D20221942152F264008F2C55 /* singleview */;
			targetProxy = D20221B52152F265008F2C55 /* PBXContainerItemProxy */;
		};
/* End PBXTargetDependency section */

/* Begin PBXVariantGroup section */
		D202219C2152F264008F2C55 /* Main.storyboard */ = {
			isa = PBXVariantGroup;
			children = (
				D202219D2152F264008F2C55 /* Base */,
			);
			name = Main.storyboard;
			sourceTree = "<group>";
		};
		D20221A12152F265008F2C55 /* LaunchScreen.storyboard */ = {
			isa = PBXVariantGroup;
			children = (
				D20221A22152F265008F2C55 /* Base */,
			);
			name = LaunchScreen.storyboard;
			sourceTree = "<group>";
		};
/* End PBXVariantGroup section */

/* Begin XCBuildConfiguration section */
		D20221BB2152F265008F2C55 /* Debug */ = {
			isa = XCBuildConfiguration;
			buildSettings = {
				ALWAYS_SEARCH_USER_PATHS = NO;
				CLANG_ANALYZER_NONNULL = YES;
				CLANG_ANALYZER_NUMBER_OBJECT_CONVERSION = YES_AGGRESSIVE;
				CLANG_CXX_LANGUAGE_STANDARD = "gnu++14";
				CLANG_CXX_LIBRARY = "libc++";
				CLANG_ENABLE_MODULES = YES;
				CLANG_ENABLE_OBJC_ARC = YES;
				CLANG_ENABLE_OBJC_WEAK = YES;
				CLANG_WARN_BLOCK_CAPTURE_AUTORELEASING = YES;
				CLANG_WARN_BOOL_CONVERSION = YES;
				CLANG_WARN_COMMA = YES;
				CLANG_WARN_CONSTANT_CONVERSION = YES;
				CLANG_WARN_DEPRECATED_OBJC_IMPLEMENTATIONS = YES;
				CLANG_WARN_DIRECT_OBJC_ISA_USAGE = YES_ERROR;
				CLANG_WARN_DOCUMENTATION_COMMENTS = YES;
				CLANG_WARN_EMPTY_BODY = YES;
				CLANG_WARN_ENUM_CONVERSION = YES;
				CLANG_WARN_INFINITE_RECURSION = YES;
				CLANG_WARN_INT_CONVERSION = YES;
				CLANG_WARN_NON_LITERAL_NULL_CONVERSION = YES;
				CLANG_WARN_OBJC_IMPLICIT_RETAIN_SELF = YES;
				CLANG_WARN_OBJC_LITERAL_CONVERSION = YES;
				CLANG_WARN_OBJC_ROOT_CLASS = YES_ERROR;
				CLANG_WARN_RANGE_LOOP_ANALYSIS = YES;
				CLANG_WARN_STRICT_PROTOTYPES = YES;
				CLANG_WARN_SUSPICIOUS_MOVE = YES;
				CLANG_WARN_UNGUARDED_AVAILABILITY = YES_AGGRESSIVE;
				CLANG_WARN_UNREACHABLE_CODE = YES;
				CLANG_WARN__DUPLICATE_METHOD_MATCH = YES;
				CODE_SIGN_IDENTITY = "iPhone Developer";
				COPY_PHASE_STRIP = NO;
				DEBUG_INFORMATION_FORMAT = dwarf;
				ENABLE_STRICT_OBJC_MSGSEND = YES;
				ENABLE_TESTABILITY = YES;
				GCC_C_LANGUAGE_STANDARD = gnu11;
				GCC_DYNAMIC_NO_PIC = NO;
				GCC_NO_COMMON_BLOCKS = YES;
				GCC_OPTIMIZATION_LEVEL = 0;
				GCC_PREPROCESSOR_DEFINITIONS = (
					"DEBUG=1",
					"$(inherited)",
				);
				GCC_WARN_64_TO_32_BIT_CONVERSION = YES;
				GCC_WARN_ABOUT_RETURN_TYPE = YES_ERROR;
				GCC_WARN_UNDECLARED_SELECTOR = YES;
				GCC_WARN_UNINITIALIZED_AUTOS = YES_AGGRESSIVE;
				GCC_WARN_UNUSED_FUNCTION = YES;
				GCC_WARN_UNUSED_VARIABLE = YES;
				IPHONEOS_DEPLOYMENT_TARGET = 12.1;
				MTL_ENABLE_DEBUG_INFO = INCLUDE_SOURCE;
				MTL_FAST_MATH = YES;
				ONLY_ACTIVE_ARCH = YES;
				SDKROOT = iphoneos;
				SWIFT_ACTIVE_COMPILATION_CONDITIONS = DEBUG;
				SWIFT_OPTIMIZATION_LEVEL = "-Onone";
			};
			name = Debug;
		};
		D20221BC2152F265008F2C55 /* Release */ = {
			isa = XCBuildConfiguration;
			buildSettings = {
				ALWAYS_SEARCH_USER_PATHS = NO;
				CLANG_ANALYZER_NONNULL = YES;
				CLANG_ANALYZER_NUMBER_OBJECT_CONVERSION = YES_AGGRESSIVE;
				CLANG_CXX_LANGUAGE_STANDARD = "gnu++14";
				CLANG_CXX_LIBRARY = "libc++";
				CLANG_ENABLE_MODULES = YES;
				CLANG_ENABLE_OBJC_ARC = YES;
				CLANG_ENABLE_OBJC_WEAK = YES;
				CLANG_WARN_BLOCK_CAPTURE_AUTORELEASING = YES;
				CLANG_WARN_BOOL_CONVERSION = YES;
				CLANG_WARN_COMMA = YES;
				CLANG_WARN_CONSTANT_CONVERSION = YES;
				CLANG_WARN_DEPRECATED_OBJC_IMPLEMENTATIONS = YES;
				CLANG_WARN_DIRECT_OBJC_ISA_USAGE = YES_ERROR;
				CLANG_WARN_DOCUMENTATION_COMMENTS = YES;
				CLANG_WARN_EMPTY_BODY = YES;
				CLANG_WARN_ENUM_CONVERSION = YES;
				CLANG_WARN_INFINITE_RECURSION = YES;
				CLANG_WARN_INT_CONVERSION = YES;
				CLANG_WARN_NON_LITERAL_NULL_CONVERSION = YES;
				CLANG_WARN_OBJC_IMPLICIT_RETAIN_SELF = YES;
				CLANG_WARN_OBJC_LITERAL_CONVERSION = YES;
				CLANG_WARN_OBJC_ROOT_CLASS = YES_ERROR;
				CLANG_WARN_RANGE_LOOP_ANALYSIS = YES;
				CLANG_WARN_STRICT_PROTOTYPES = YES;
				CLANG_WARN_SUSPICIOUS_MOVE = YES;
				CLANG_WARN_UNGUARDED_AVAILABILITY = YES_AGGRESSIVE;
				CLANG_WARN_UNREACHABLE_CODE = YES;
				CLANG_WARN__DUPLICATE_METHOD_MATCH = YES;
				CODE_SIGN_IDENTITY = "iPhone Developer";
				COPY_PHASE_STRIP = NO;
				DEBUG_INFORMATION_FORMAT = "dwarf-with-dsym";
				ENABLE_NS_ASSERTIONS = NO;
				ENABLE_STRICT_OBJC_MSGSEND = YES;
				GCC_C_LANGUAGE_STANDARD = gnu11;
				GCC_NO_COMMON_BLOCKS = YES;
				GCC_WARN_64_TO_32_BIT_CONVERSION = YES;
				GCC_WARN_ABOUT_RETURN_TYPE = YES_ERROR;
				GCC_WARN_UNDECLARED_SELECTOR = YES;
				GCC_WARN_UNINITIALIZED_AUTOS = YES_AGGRESSIVE;
				GCC_WARN_UNUSED_FUNCTION = YES;
				GCC_WARN_UNUSED_VARIABLE = YES;
				IPHONEOS_DEPLOYMENT_TARGET = 12.1;
				MTL_ENABLE_DEBUG_INFO = NO;
				MTL_FAST_MATH = YES;
				SDKROOT = iphoneos;
				SWIFT_COMPILATION_MODE = wholemodule;
				SWIFT_OPTIMIZATION_LEVEL = "-O";
				VALIDATE_PRODUCT = YES;
			};
			name = Release;
		};
		D20221BE2152F265008F2C55 /* Debug */ = {
			isa = XCBuildConfiguration;
			buildSettings = {
				ASSETCATALOG_COMPILER_APPICON_NAME = AppIcon;
				CODE_SIGN_STYLE = Automatic;
				DEVELOPMENT_TEAM = 285W24646W;
				INFOPLIST_FILE = singleview/Info.plist;
				LD_RUNPATH_SEARCH_PATHS = (
					"$(inherited)",
					"@executable_path/Frameworks",
				);
				PRODUCT_BUNDLE_IDENTIFIER = com.microsoft.runscope.all;
				PRODUCT_NAME = "$(TARGET_NAME)";
				SWIFT_VERSION = 4.2;
				TARGETED_DEVICE_FAMILY = "1,2";
			};
			name = Debug;
		};
		D20221BF2152F265008F2C55 /* Release */ = {
			isa = XCBuildConfiguration;
			buildSettings = {
				ASSETCATALOG_COMPILER_APPICON_NAME = AppIcon;
				CODE_SIGN_STYLE = Automatic;
				DEVELOPMENT_TEAM = 285W24646W;
				INFOPLIST_FILE = singleview/Info.plist;
				LD_RUNPATH_SEARCH_PATHS = (
					"$(inherited)",
					"@executable_path/Frameworks",
				);
				PRODUCT_BUNDLE_IDENTIFIER = com.microsoft.runscope.all;
				PRODUCT_NAME = "$(TARGET_NAME)";
				SWIFT_VERSION = 4.2;
				TARGETED_DEVICE_FAMILY = "1,2";
			};
			name = Release;
		};
		D20221C12152F265008F2C55 /* Debug */ = {
			isa = XCBuildConfiguration;
			buildSettings = {
				ALWAYS_EMBED_SWIFT_STANDARD_LIBRARIES = YES;
				BUNDLE_LOADER = "$(TEST_HOST)";
				CODE_SIGN_STYLE = Automatic;
				DEVELOPMENT_TEAM = 285W24646W;
				INFOPLIST_FILE = singleviewTests/Info.plist;
				LD_RUNPATH_SEARCH_PATHS = (
					"$(inherited)",
					"@executable_path/Frameworks",
					"@loader_path/Frameworks",
				);
				PRODUCT_BUNDLE_IDENTIFIER = com.microsoft.runscope.allTest;
				PRODUCT_NAME = "$(TARGET_NAME)";
				SWIFT_VERSION = 4.2;
				TARGETED_DEVICE_FAMILY = "1,2";
				TEST_HOST = "$(BUILT_PRODUCTS_DIR)/singleview.app/singleview";
			};
			name = Debug;
		};
		D20221C22152F265008F2C55 /* Release */ = {
			isa = XCBuildConfiguration;
			buildSettings = {
				ALWAYS_EMBED_SWIFT_STANDARD_LIBRARIES = YES;
				BUNDLE_LOADER = "$(TEST_HOST)";
				CODE_SIGN_STYLE = Automatic;
				DEVELOPMENT_TEAM = 285W24646W;
				INFOPLIST_FILE = singleviewTests/Info.plist;
				LD_RUNPATH_SEARCH_PATHS = (
					"$(inherited)",
					"@executable_path/Frameworks",
					"@loader_path/Frameworks",
				);
				PRODUCT_BUNDLE_IDENTIFIER = com.microsoft.runscope.allTests;
				PRODUCT_NAME = "$(TARGET_NAME)";
				SWIFT_VERSION = 4.2;
				TARGETED_DEVICE_FAMILY = "1,2";
				TEST_HOST = "$(BUILT_PRODUCTS_DIR)/singleview.app/singleview";
			};
			name = Release;
		};
		D20221C42152F265008F2C55 /* Debug */ = {
			isa = XCBuildConfiguration;
			buildSettings = {
				ALWAYS_EMBED_SWIFT_STANDARD_LIBRARIES = YES;
				CODE_SIGN_STYLE = Automatic;
				DEVELOPMENT_TEAM = 285W24646W;
				INFOPLIST_FILE = singleviewUITests/Info.plist;
				LD_RUNPATH_SEARCH_PATHS = (
					"$(inherited)",
					"@executable_path/Frameworks",
					"@loader_path/Frameworks",
				);
				PRODUCT_BUNDLE_IDENTIFIER = com.microsoft.runscope.allUITests;
				PRODUCT_NAME = "$(TARGET_NAME)";
				SWIFT_VERSION = 4.2;
				TARGETED_DEVICE_FAMILY = "1,2";
				TEST_TARGET_NAME = singleview;
			};
			name = Debug;
		};
		D20221C52152F265008F2C55 /* Release */ = {
			isa = XCBuildConfiguration;
			buildSettings = {
				ALWAYS_EMBED_SWIFT_STANDARD_LIBRARIES = YES;
				CODE_SIGN_STYLE = Automatic;
				DEVELOPMENT_TEAM = 285W24646W;
				INFOPLIST_FILE = singleviewUITests/Info.plist;
				LD_RUNPATH_SEARCH_PATHS = (
					"$(inherited)",
					"@executable_path/Frameworks",
					"@loader_path/Frameworks",
				);
				PRODUCT_BUNDLE_IDENTIFIER = com.microsoft.runscope.allUITests;
				PRODUCT_NAME = "$(TARGET_NAME)";
				SWIFT_VERSION = 4.2;
				TARGETED_DEVICE_FAMILY = "1,2";
				TEST_TARGET_NAME = singleview;
			};
			name = Release;
		};
/* End XCBuildConfiguration section */

/* Begin XCConfigurationList section */
		D20221902152F264008F2C55 /* Build configuration list for PBXProject "singleview" */ = {
			isa = XCConfigurationList;
			buildConfigurations = (
				D20221BB2152F265008F2C55 /* Debug */,
				D20221BC2152F265008F2C55 /* Release */,
			);
			defaultConfigurationIsVisible = 0;
			defaultConfigurationName = Release;
		};
		D20221BD2152F265008F2C55 /* Build configuration list for PBXNativeTarget "singleview" */ = {
			isa = XCConfigurationList;
			buildConfigurations = (
				D20221BE2152F265008F2C55 /* Debug */,
				D20221BF2152F265008F2C55 /* Release */,
			);
			defaultConfigurationIsVisible = 0;
			defaultConfigurationName = Release;
		};
		D20221C02152F265008F2C55 /* Build configuration list for PBXNativeTarget "singleviewTests" */ = {
			isa = XCConfigurationList;
			buildConfigurations = (
				D20221C12152F265008F2C55 /* Debug */,
				D20221C22152F265008F2C55 /* Release */,
			);
			defaultConfigurationIsVisible = 0;
			defaultConfigurationName = Release;
		};
		D20221C32152F265008F2C55 /* Build configuration list for PBXNativeTarget "singleviewUITests" */ = {
			isa = XCConfigurationList;
			buildConfigurations = (
				D20221C42152F265008F2C55 /* Debug */,
				D20221C52152F265008F2C55 /* Release */,
			);
			defaultConfigurationIsVisible = 0;
			defaultConfigurationName = Release;
		};
/* End XCConfigurationList section */
	};
	rootObject = D202218D2152F264008F2C55 /* Project object */;
}
